
Microsoft Visual Studio Solution File, Format Version 12.00
# Visual Studio 15
VisualStudioVersion = 15.0.28010.2003
MinimumVisualStudioVersion = 10.0.40219.1
Project("{FAE04EC0-301F-11D3-BF4B-00C04F79EFBC}") = "Aisle.Android", "Aisle\Aisle.Android\Aisle.Android.csproj", "{E7D049CF-D071-4642-BB90-122C5BA98833}"
EndProject
Project("{FAE04EC0-301F-11D3-BF4B-00C04F79EFBC}") = "Aisle.iOS", "Aisle\Aisle.iOS\Aisle.iOS.csproj", "{B7DB39EA-B013-46E2-BDC7-5F7DDEDF5CBF}"
EndProject
Project("{FAE04EC0-301F-11D3-BF4B-00C04F79EFBC}") = "Aisle.UWP", "Aisle\Aisle.UWP\Aisle.UWP.csproj", "{618E56BE-AD7B-4E6E-8D7E-F5AE6F4288B9}"
EndProject
Project("{FAE04EC0-301F-11D3-BF4B-00C04F79EFBC}") = "Aisle", "Aisle\Aisle\Aisle.csproj", "{7B10BEB6-DAEA-4A52-9506-9E80FE5A5633}"
EndProject
Global
	GlobalSection(SolutionConfigurationPlatforms) = preSolution
		Ad-Hoc|Any CPU = Ad-Hoc|Any CPU
		Ad-Hoc|ARM = Ad-Hoc|ARM
		Ad-Hoc|iPhone = Ad-Hoc|iPhone
		Ad-Hoc|iPhoneSimulator = Ad-Hoc|iPhoneSimulator
		Ad-Hoc|x64 = Ad-Hoc|x64
		Ad-Hoc|x86 = Ad-Hoc|x86
		AppStore|Any CPU = AppStore|Any CPU
		AppStore|ARM = AppStore|ARM
		AppStore|iPhone = AppStore|iPhone
		AppStore|iPhoneSimulator = AppStore|iPhoneSimulator
		AppStore|x64 = AppStore|x64
		AppStore|x86 = AppStore|x86
		Debug|Any CPU = Debug|Any CPU
		Debug|ARM = Debug|ARM
		Debug|iPhone = Debug|iPhone
		Debug|iPhoneSimulator = Debug|iPhoneSimulator
		Debug|x64 = Debug|x64
		Debug|x86 = Debug|x86
		Release|Any CPU = Release|Any CPU
		Release|ARM = Release|ARM
		Release|iPhone = Release|iPhone
		Release|iPhoneSimulator = Release|iPhoneSimulator
		Release|x64 = Release|x64
		Release|x86 = Release|x86
	EndGlobalSection
	GlobalSection(ProjectConfigurationPlatforms) = postSolution
		{E7D049CF-D071-4642-BB90-122C5BA98833}.Ad-Hoc|Any CPU.ActiveCfg = Release|Any CPU
		{E7D049CF-D071-4642-BB90-122C5BA98833}.Ad-Hoc|Any CPU.Build.0 = Release|Any CPU
		{E7D049CF-D071-4642-BB90-122C5BA98833}.Ad-Hoc|Any CPU.Deploy.0 = Release|Any CPU
		{E7D049CF-D071-4642-BB90-122C5BA98833}.Ad-Hoc|ARM.ActiveCfg = Release|Any CPU
		{E7D049CF-D071-4642-BB90-122C5BA98833}.Ad-Hoc|ARM.Build.0 = Release|Any CPU
		{E7D049CF-D071-4642-BB90-122C5BA98833}.Ad-Hoc|ARM.Deploy.0 = Release|Any CPU
		{E7D049CF-D071-4642-BB90-122C5BA98833}.Ad-Hoc|iPhone.ActiveCfg = Release|Any CPU
		{E7D049CF-D071-4642-BB90-122C5BA98833}.Ad-Hoc|iPhone.Build.0 = Release|Any CPU
		{E7D049CF-D071-4642-BB90-122C5BA98833}.Ad-Hoc|iPhone.Deploy.0 = Release|Any CPU
		{E7D049CF-D071-4642-BB90-122C5BA98833}.Ad-Hoc|iPhoneSimulator.ActiveCfg = Release|Any CPU
		{E7D049CF-D071-4642-BB90-122C5BA98833}.Ad-Hoc|iPhoneSimulator.Build.0 = Release|Any CPU
		{E7D049CF-D071-4642-BB90-122C5BA98833}.Ad-Hoc|iPhoneSimulator.Deploy.0 = Release|Any CPU
		{E7D049CF-D071-4642-BB90-122C5BA98833}.Ad-Hoc|x64.ActiveCfg = Release|Any CPU
		{E7D049CF-D071-4642-BB90-122C5BA98833}.Ad-Hoc|x64.Build.0 = Release|Any CPU
		{E7D049CF-D071-4642-BB90-122C5BA98833}.Ad-Hoc|x64.Deploy.0 = Release|Any CPU
		{E7D049CF-D071-4642-BB90-122C5BA98833}.Ad-Hoc|x86.ActiveCfg = Release|Any CPU
		{E7D049CF-D071-4642-BB90-122C5BA98833}.Ad-Hoc|x86.Build.0 = Release|Any CPU
		{E7D049CF-D071-4642-BB90-122C5BA98833}.Ad-Hoc|x86.Deploy.0 = Release|Any CPU
		{E7D049CF-D071-4642-BB90-122C5BA98833}.AppStore|Any CPU.ActiveCfg = Release|Any CPU
		{E7D049CF-D071-4642-BB90-122C5BA98833}.AppStore|Any CPU.Build.0 = Release|Any CPU
		{E7D049CF-D071-4642-BB90-122C5BA98833}.AppStore|Any CPU.Deploy.0 = Release|Any CPU
		{E7D049CF-D071-4642-BB90-122C5BA98833}.AppStore|ARM.ActiveCfg = Release|Any CPU
		{E7D049CF-D071-4642-BB90-122C5BA98833}.AppStore|ARM.Build.0 = Release|Any CPU
		{E7D049CF-D071-4642-BB90-122C5BA98833}.AppStore|ARM.Deploy.0 = Release|Any CPU
		{E7D049CF-D071-4642-BB90-122C5BA98833}.AppStore|iPhone.ActiveCfg = Release|Any CPU
		{E7D049CF-D071-4642-BB90-122C5BA98833}.AppStore|iPhone.Build.0 = Release|Any CPU
		{E7D049CF-D071-4642-BB90-122C5BA98833}.AppStore|iPhone.Deploy.0 = Release|Any CPU
		{E7D049CF-D071-4642-BB90-122C5BA98833}.AppStore|iPhoneSimulator.ActiveCfg = Release|Any CPU
		{E7D049CF-D071-4642-BB90-122C5BA98833}.AppStore|iPhoneSimulator.Build.0 = Release|Any CPU
		{E7D049CF-D071-4642-BB90-122C5BA98833}.AppStore|iPhoneSimulator.Deploy.0 = Release|Any CPU
		{E7D049CF-D071-4642-BB90-122C5BA98833}.AppStore|x64.ActiveCfg = Release|Any CPU
		{E7D049CF-D071-4642-BB90-122C5BA98833}.AppStore|x64.Build.0 = Release|Any CPU
		{E7D049CF-D071-4642-BB90-122C5BA98833}.AppStore|x64.Deploy.0 = Release|Any CPU
		{E7D049CF-D071-4642-BB90-122C5BA98833}.AppStore|x86.ActiveCfg = Release|Any CPU
		{E7D049CF-D071-4642-BB90-122C5BA98833}.AppStore|x86.Build.0 = Release|Any CPU
		{E7D049CF-D071-4642-BB90-122C5BA98833}.AppStore|x86.Deploy.0 = Release|Any CPU
		{E7D049CF-D071-4642-BB90-122C5BA98833}.Debug|Any CPU.ActiveCfg = Debug|Any CPU
		{E7D049CF-D071-4642-BB90-122C5BA98833}.Debug|Any CPU.Build.0 = Debug|Any CPU
		{E7D049CF-D071-4642-BB90-122C5BA98833}.Debug|Any CPU.Deploy.0 = Debug|Any CPU
		{E7D049CF-D071-4642-BB90-122C5BA98833}.Debug|ARM.ActiveCfg = Debug|Any CPU
		{E7D049CF-D071-4642-BB90-122C5BA98833}.Debug|ARM.Build.0 = Debug|Any CPU
		{E7D049CF-D071-4642-BB90-122C5BA98833}.Debug|ARM.Deploy.0 = Debug|Any CPU
		{E7D049CF-D071-4642-BB90-122C5BA98833}.Debug|iPhone.ActiveCfg = Debug|Any CPU
		{E7D049CF-D071-4642-BB90-122C5BA98833}.Debug|iPhone.Build.0 = Debug|Any CPU
		{E7D049CF-D071-4642-BB90-122C5BA98833}.Debug|iPhone.Deploy.0 = Debug|Any CPU
		{E7D049CF-D071-4642-BB90-122C5BA98833}.Debug|iPhoneSimulator.ActiveCfg = Debug|Any CPU
		{E7D049CF-D071-4642-BB90-122C5BA98833}.Debug|iPhoneSimulator.Build.0 = Debug|Any CPU
		{E7D049CF-D071-4642-BB90-122C5BA98833}.Debug|iPhoneSimulator.Deploy.0 = Debug|Any CPU
		{E7D049CF-D071-4642-BB90-122C5BA98833}.Debug|x64.ActiveCfg = Debug|Any CPU
		{E7D049CF-D071-4642-BB90-122C5BA98833}.Debug|x64.Build.0 = Debug|Any CPU
		{E7D049CF-D071-4642-BB90-122C5BA98833}.Debug|x64.Deploy.0 = Debug|Any CPU
		{E7D049CF-D071-4642-BB90-122C5BA98833}.Debug|x86.ActiveCfg = Debug|Any CPU
		{E7D049CF-D071-4642-BB90-122C5BA98833}.Debug|x86.Build.0 = Debug|Any CPU
		{E7D049CF-D071-4642-BB90-122C5BA98833}.Debug|x86.Deploy.0 = Debug|Any CPU
		{E7D049CF-D071-4642-BB90-122C5BA98833}.Release|Any CPU.ActiveCfg = Release|Any CPU
		{E7D049CF-D071-4642-BB90-122C5BA98833}.Release|Any CPU.Build.0 = Release|Any CPU
		{E7D049CF-D071-4642-BB90-122C5BA98833}.Release|Any CPU.Deploy.0 = Release|Any CPU
		{E7D049CF-D071-4642-BB90-122C5BA98833}.Release|ARM.ActiveCfg = Release|Any CPU
		{E7D049CF-D071-4642-BB90-122C5BA98833}.Release|ARM.Build.0 = Release|Any CPU
		{E7D049CF-D071-4642-BB90-122C5BA98833}.Release|ARM.Deploy.0 = Release|Any CPU
		{E7D049CF-D071-4642-BB90-122C5BA98833}.Release|iPhone.ActiveCfg = Release|Any CPU
		{E7D049CF-D071-4642-BB90-122C5BA98833}.Release|iPhone.Build.0 = Release|Any CPU
		{E7D049CF-D071-4642-BB90-122C5BA98833}.Release|iPhone.Deploy.0 = Release|Any CPU
		{E7D049CF-D071-4642-BB90-122C5BA98833}.Release|iPhoneSimulator.ActiveCfg = Release|Any CPU
		{E7D049CF-D071-4642-BB90-122C5BA98833}.Release|iPhoneSimulator.Build.0 = Release|Any CPU
		{E7D049CF-D071-4642-BB90-122C5BA98833}.Release|iPhoneSimulator.Deploy.0 = Release|Any CPU
		{E7D049CF-D071-4642-BB90-122C5BA98833}.Release|x64.ActiveCfg = Release|Any CPU
		{E7D049CF-D071-4642-BB90-122C5BA98833}.Release|x64.Build.0 = Release|Any CPU
		{E7D049CF-D071-4642-BB90-122C5BA98833}.Release|x64.Deploy.0 = Release|Any CPU
		{E7D049CF-D071-4642-BB90-122C5BA98833}.Release|x86.ActiveCfg = Release|Any CPU
		{E7D049CF-D071-4642-BB90-122C5BA98833}.Release|x86.Build.0 = Release|Any CPU
		{E7D049CF-D071-4642-BB90-122C5BA98833}.Release|x86.Deploy.0 = Release|Any CPU
		{B7DB39EA-B013-46E2-BDC7-5F7DDEDF5CBF}.Ad-Hoc|Any CPU.ActiveCfg = Ad-Hoc|iPhone
		{B7DB39EA-B013-46E2-BDC7-5F7DDEDF5CBF}.Ad-Hoc|Any CPU.Build.0 = Ad-Hoc|iPhone
		{B7DB39EA-B013-46E2-BDC7-5F7DDEDF5CBF}.Ad-Hoc|Any CPU.Deploy.0 = Ad-Hoc|iPhone
		{B7DB39EA-B013-46E2-BDC7-5F7DDEDF5CBF}.Ad-Hoc|ARM.ActiveCfg = Ad-Hoc|iPhone
		{B7DB39EA-B013-46E2-BDC7-5F7DDEDF5CBF}.Ad-Hoc|ARM.Build.0 = Ad-Hoc|iPhone
		{B7DB39EA-B013-46E2-BDC7-5F7DDEDF5CBF}.Ad-Hoc|ARM.Deploy.0 = Ad-Hoc|iPhone
		{B7DB39EA-B013-46E2-BDC7-5F7DDEDF5CBF}.Ad-Hoc|iPhone.ActiveCfg = Ad-Hoc|iPhone
		{B7DB39EA-B013-46E2-BDC7-5F7DDEDF5CBF}.Ad-Hoc|iPhone.Build.0 = Ad-Hoc|iPhone
		{B7DB39EA-B013-46E2-BDC7-5F7DDEDF5CBF}.Ad-Hoc|iPhone.Deploy.0 = Ad-Hoc|iPhone
		{B7DB39EA-B013-46E2-BDC7-5F7DDEDF5CBF}.Ad-Hoc|iPhoneSimulator.ActiveCfg = Ad-Hoc|iPhoneSimulator
		{B7DB39EA-B013-46E2-BDC7-5F7DDEDF5CBF}.Ad-Hoc|iPhoneSimulator.Build.0 = Ad-Hoc|iPhoneSimulator
		{B7DB39EA-B013-46E2-BDC7-5F7DDEDF5CBF}.Ad-Hoc|iPhoneSimulator.Deploy.0 = Ad-Hoc|iPhoneSimulator
		{B7DB39EA-B013-46E2-BDC7-5F7DDEDF5CBF}.Ad-Hoc|x64.ActiveCfg = Ad-Hoc|iPhone
		{B7DB39EA-B013-46E2-BDC7-5F7DDEDF5CBF}.Ad-Hoc|x64.Build.0 = Ad-Hoc|iPhone
		{B7DB39EA-B013-46E2-BDC7-5F7DDEDF5CBF}.Ad-Hoc|x64.Deploy.0 = Ad-Hoc|iPhone
		{B7DB39EA-B013-46E2-BDC7-5F7DDEDF5CBF}.Ad-Hoc|x86.ActiveCfg = Ad-Hoc|iPhone
		{B7DB39EA-B013-46E2-BDC7-5F7DDEDF5CBF}.Ad-Hoc|x86.Build.0 = Ad-Hoc|iPhone
		{B7DB39EA-B013-46E2-BDC7-5F7DDEDF5CBF}.Ad-Hoc|x86.Deploy.0 = Ad-Hoc|iPhone
		{B7DB39EA-B013-46E2-BDC7-5F7DDEDF5CBF}.AppStore|Any CPU.ActiveCfg = AppStore|iPhone
		{B7DB39EA-B013-46E2-BDC7-5F7DDEDF5CBF}.AppStore|Any CPU.Build.0 = AppStore|iPhone
		{B7DB39EA-B013-46E2-BDC7-5F7DDEDF5CBF}.AppStore|Any CPU.Deploy.0 = AppStore|iPhone
		{B7DB39EA-B013-46E2-BDC7-5F7DDEDF5CBF}.AppStore|ARM.ActiveCfg = AppStore|iPhone
		{B7DB39EA-B013-46E2-BDC7-5F7DDEDF5CBF}.AppStore|ARM.Build.0 = AppStore|iPhone
		{B7DB39EA-B013-46E2-BDC7-5F7DDEDF5CBF}.AppStore|ARM.Deploy.0 = AppStore|iPhone
		{B7DB39EA-B013-46E2-BDC7-5F7DDEDF5CBF}.AppStore|iPhone.ActiveCfg = AppStore|iPhone
		{B7DB39EA-B013-46E2-BDC7-5F7DDEDF5CBF}.AppStore|iPhone.Build.0 = AppStore|iPhone
		{B7DB39EA-B013-46E2-BDC7-5F7DDEDF5CBF}.AppStore|iPhone.Deploy.0 = AppStore|iPhone
		{B7DB39EA-B013-46E2-BDC7-5F7DDEDF5CBF}.AppStore|iPhoneSimulator.ActiveCfg = AppStore|iPhoneSimulator
		{B7DB39EA-B013-46E2-BDC7-5F7DDEDF5CBF}.AppStore|iPhoneSimulator.Build.0 = AppStore|iPhoneSimulator
		{B7DB39EA-B013-46E2-BDC7-5F7DDEDF5CBF}.AppStore|iPhoneSimulator.Deploy.0 = AppStore|iPhoneSimulator
		{B7DB39EA-B013-46E2-BDC7-5F7DDEDF5CBF}.AppStore|x64.ActiveCfg = AppStore|iPhone
		{B7DB39EA-B013-46E2-BDC7-5F7DDEDF5CBF}.AppStore|x64.Build.0 = AppStore|iPhone
		{B7DB39EA-B013-46E2-BDC7-5F7DDEDF5CBF}.AppStore|x64.Deploy.0 = AppStore|iPhone
		{B7DB39EA-B013-46E2-BDC7-5F7DDEDF5CBF}.AppStore|x86.ActiveCfg = AppStore|iPhone
		{B7DB39EA-B013-46E2-BDC7-5F7DDEDF5CBF}.AppStore|x86.Build.0 = AppStore|iPhone
		{B7DB39EA-B013-46E2-BDC7-5F7DDEDF5CBF}.AppStore|x86.Deploy.0 = AppStore|iPhone
		{B7DB39EA-B013-46E2-BDC7-5F7DDEDF5CBF}.Debug|Any CPU.ActiveCfg = Debug|iPhoneSimulator
		{B7DB39EA-B013-46E2-BDC7-5F7DDEDF5CBF}.Debug|Any CPU.Build.0 = Debug|iPhoneSimulator
		{B7DB39EA-B013-46E2-BDC7-5F7DDEDF5CBF}.Debug|Any CPU.Deploy.0 = Debug|iPhoneSimulator
		{B7DB39EA-B013-46E2-BDC7-5F7DDEDF5CBF}.Debug|ARM.ActiveCfg = Debug|iPhone
		{B7DB39EA-B013-46E2-BDC7-5F7DDEDF5CBF}.Debug|ARM.Build.0 = Debug|iPhone
		{B7DB39EA-B013-46E2-BDC7-5F7DDEDF5CBF}.Debug|ARM.Deploy.0 = Debug|iPhone
		{B7DB39EA-B013-46E2-BDC7-5F7DDEDF5CBF}.Debug|iPhone.ActiveCfg = Debug|iPhone
		{B7DB39EA-B013-46E2-BDC7-5F7DDEDF5CBF}.Debug|iPhone.Build.0 = Debug|iPhone
		{B7DB39EA-B013-46E2-BDC7-5F7DDEDF5CBF}.Debug|iPhone.Deploy.0 = Debug|iPhone
		{B7DB39EA-B013-46E2-BDC7-5F7DDEDF5CBF}.Debug|iPhoneSimulator.ActiveCfg = Debug|iPhoneSimulator
		{B7DB39EA-B013-46E2-BDC7-5F7DDEDF5CBF}.Debug|iPhoneSimulator.Build.0 = Debug|iPhoneSimulator
		{B7DB39EA-B013-46E2-BDC7-5F7DDEDF5CBF}.Debug|iPhoneSimulator.Deploy.0 = Debug|iPhoneSimulator
		{B7DB39EA-B013-46E2-BDC7-5F7DDEDF5CBF}.Debug|x64.ActiveCfg = Debug|iPhone
		{B7DB39EA-B013-46E2-BDC7-5F7DDEDF5CBF}.Debug|x64.Build.0 = Debug|iPhone
		{B7DB39EA-B013-46E2-BDC7-5F7DDEDF5CBF}.Debug|x64.Deploy.0 = Debug|iPhone
		{B7DB39EA-B013-46E2-BDC7-5F7DDEDF5CBF}.Debug|x86.ActiveCfg = Debug|iPhone
		{B7DB39EA-B013-46E2-BDC7-5F7DDEDF5CBF}.Debug|x86.Build.0 = Debug|iPhone
		{B7DB39EA-B013-46E2-BDC7-5F7DDEDF5CBF}.Debug|x86.Deploy.0 = Debug|iPhone
		{B7DB39EA-B013-46E2-BDC7-5F7DDEDF5CBF}.Release|Any CPU.ActiveCfg = Release|iPhone
		{B7DB39EA-B013-46E2-BDC7-5F7DDEDF5CBF}.Release|Any CPU.Build.0 = Release|iPhone
		{B7DB39EA-B013-46E2-BDC7-5F7DDEDF5CBF}.Release|Any CPU.Deploy.0 = Release|iPhone
		{B7DB39EA-B013-46E2-BDC7-5F7DDEDF5CBF}.Release|ARM.ActiveCfg = Release|iPhone
		{B7DB39EA-B013-46E2-BDC7-5F7DDEDF5CBF}.Release|ARM.Build.0 = Release|iPhone
		{B7DB39EA-B013-46E2-BDC7-5F7DDEDF5CBF}.Release|ARM.Deploy.0 = Release|iPhone
		{B7DB39EA-B013-46E2-BDC7-5F7DDEDF5CBF}.Release|iPhone.ActiveCfg = Release|iPhone
		{B7DB39EA-B013-46E2-BDC7-5F7DDEDF5CBF}.Release|iPhone.Build.0 = Release|iPhone
		{B7DB39EA-B013-46E2-BDC7-5F7DDEDF5CBF}.Release|iPhone.Deploy.0 = Release|iPhone
		{B7DB39EA-B013-46E2-BDC7-5F7DDEDF5CBF}.Release|iPhoneSimulator.ActiveCfg = Release|iPhoneSimulator
		{B7DB39EA-B013-46E2-BDC7-5F7DDEDF5CBF}.Release|iPhoneSimulator.Build.0 = Release|iPhoneSimulator
		{B7DB39EA-B013-46E2-BDC7-5F7DDEDF5CBF}.Release|iPhoneSimulator.Deploy.0 = Release|iPhoneSimulator
		{B7DB39EA-B013-46E2-BDC7-5F7DDEDF5CBF}.Release|x64.ActiveCfg = Release|iPhone
		{B7DB39EA-B013-46E2-BDC7-5F7DDEDF5CBF}.Release|x64.Build.0 = Release|iPhone
		{B7DB39EA-B013-46E2-BDC7-5F7DDEDF5CBF}.Release|x64.Deploy.0 = Release|iPhone
		{B7DB39EA-B013-46E2-BDC7-5F7DDEDF5CBF}.Release|x86.ActiveCfg = Release|iPhone
		{B7DB39EA-B013-46E2-BDC7-5F7DDEDF5CBF}.Release|x86.Build.0 = Release|iPhone
		{B7DB39EA-B013-46E2-BDC7-5F7DDEDF5CBF}.Release|x86.Deploy.0 = Release|iPhone
		{618E56BE-AD7B-4E6E-8D7E-F5AE6F4288B9}.Ad-Hoc|Any CPU.ActiveCfg = Release|x86
		{618E56BE-AD7B-4E6E-8D7E-F5AE6F4288B9}.Ad-Hoc|Any CPU.Build.0 = Release|x86
		{618E56BE-AD7B-4E6E-8D7E-F5AE6F4288B9}.Ad-Hoc|Any CPU.Deploy.0 = Release|x86
		{618E56BE-AD7B-4E6E-8D7E-F5AE6F4288B9}.Ad-Hoc|ARM.ActiveCfg = Release|ARM
		{618E56BE-AD7B-4E6E-8D7E-F5AE6F4288B9}.Ad-Hoc|ARM.Build.0 = Release|ARM
		{618E56BE-AD7B-4E6E-8D7E-F5AE6F4288B9}.Ad-Hoc|ARM.Deploy.0 = Release|ARM
		{618E56BE-AD7B-4E6E-8D7E-F5AE6F4288B9}.Ad-Hoc|iPhone.ActiveCfg = Release|x86
		{618E56BE-AD7B-4E6E-8D7E-F5AE6F4288B9}.Ad-Hoc|iPhone.Build.0 = Release|x86
		{618E56BE-AD7B-4E6E-8D7E-F5AE6F4288B9}.Ad-Hoc|iPhone.Deploy.0 = Release|x86
		{618E56BE-AD7B-4E6E-8D7E-F5AE6F4288B9}.Ad-Hoc|iPhoneSimulator.ActiveCfg = Release|x86
		{618E56BE-AD7B-4E6E-8D7E-F5AE6F4288B9}.Ad-Hoc|iPhoneSimulator.Build.0 = Release|x86
		{618E56BE-AD7B-4E6E-8D7E-F5AE6F4288B9}.Ad-Hoc|iPhoneSimulator.Deploy.0 = Release|x86
		{618E56BE-AD7B-4E6E-8D7E-F5AE6F4288B9}.Ad-Hoc|x64.ActiveCfg = Release|x64
		{618E56BE-AD7B-4E6E-8D7E-F5AE6F4288B9}.Ad-Hoc|x64.Build.0 = Release|x64
		{618E56BE-AD7B-4E6E-8D7E-F5AE6F4288B9}.Ad-Hoc|x64.Deploy.0 = Release|x64
		{618E56BE-AD7B-4E6E-8D7E-F5AE6F4288B9}.Ad-Hoc|x86.ActiveCfg = Release|x86
		{618E56BE-AD7B-4E6E-8D7E-F5AE6F4288B9}.Ad-Hoc|x86.Build.0 = Release|x86
		{618E56BE-AD7B-4E6E-8D7E-F5AE6F4288B9}.Ad-Hoc|x86.Deploy.0 = Release|x86
		{618E56BE-AD7B-4E6E-8D7E-F5AE6F4288B9}.AppStore|Any CPU.ActiveCfg = Release|x86
		{618E56BE-AD7B-4E6E-8D7E-F5AE6F4288B9}.AppStore|Any CPU.Build.0 = Release|x86
		{618E56BE-AD7B-4E6E-8D7E-F5AE6F4288B9}.AppStore|Any CPU.Deploy.0 = Release|x86
		{618E56BE-AD7B-4E6E-8D7E-F5AE6F4288B9}.AppStore|ARM.ActiveCfg = Release|ARM
		{618E56BE-AD7B-4E6E-8D7E-F5AE6F4288B9}.AppStore|ARM.Build.0 = Release|ARM
		{618E56BE-AD7B-4E6E-8D7E-F5AE6F4288B9}.AppStore|ARM.Deploy.0 = Release|ARM
		{618E56BE-AD7B-4E6E-8D7E-F5AE6F4288B9}.AppStore|iPhone.ActiveCfg = Release|x86
		{618E56BE-AD7B-4E6E-8D7E-F5AE6F4288B9}.AppStore|iPhone.Build.0 = Release|x86
		{618E56BE-AD7B-4E6E-8D7E-F5AE6F4288B9}.AppStore|iPhone.Deploy.0 = Release|x86
		{618E56BE-AD7B-4E6E-8D7E-F5AE6F4288B9}.AppStore|iPhoneSimulator.ActiveCfg = Release|x86
		{618E56BE-AD7B-4E6E-8D7E-F5AE6F4288B9}.AppStore|iPhoneSimulator.Build.0 = Release|x86
		{618E56BE-AD7B-4E6E-8D7E-F5AE6F4288B9}.AppStore|iPhoneSimulator.Deploy.0 = Release|x86
		{618E56BE-AD7B-4E6E-8D7E-F5AE6F4288B9}.AppStore|x64.ActiveCfg = Release|x64
		{618E56BE-AD7B-4E6E-8D7E-F5AE6F4288B9}.AppStore|x64.Build.0 = Release|x64
		{618E56BE-AD7B-4E6E-8D7E-F5AE6F4288B9}.AppStore|x64.Deploy.0 = Release|x64
		{618E56BE-AD7B-4E6E-8D7E-F5AE6F4288B9}.AppStore|x86.ActiveCfg = Release|x86
		{618E56BE-AD7B-4E6E-8D7E-F5AE6F4288B9}.AppStore|x86.Build.0 = Release|x86
		{618E56BE-AD7B-4E6E-8D7E-F5AE6F4288B9}.AppStore|x86.Deploy.0 = Release|x86
		{618E56BE-AD7B-4E6E-8D7E-F5AE6F4288B9}.Debug|Any CPU.ActiveCfg = Debug|x86
		{618E56BE-AD7B-4E6E-8D7E-F5AE6F4288B9}.Debug|Any CPU.Build.0 = Debug|x86
		{618E56BE-AD7B-4E6E-8D7E-F5AE6F4288B9}.Debug|Any CPU.Deploy.0 = Debug|x86
		{618E56BE-AD7B-4E6E-8D7E-F5AE6F4288B9}.Debug|ARM.ActiveCfg = Debug|ARM
		{618E56BE-AD7B-4E6E-8D7E-F5AE6F4288B9}.Debug|ARM.Build.0 = Debug|ARM
		{618E56BE-AD7B-4E6E-8D7E-F5AE6F4288B9}.Debug|ARM.Deploy.0 = Debug|ARM
		{618E56BE-AD7B-4E6E-8D7E-F5AE6F4288B9}.Debug|iPhone.ActiveCfg = Debug|x86
		{618E56BE-AD7B-4E6E-8D7E-F5AE6F4288B9}.Debug|iPhone.Build.0 = Debug|x86
		{618E56BE-AD7B-4E6E-8D7E-F5AE6F4288B9}.Debug|iPhone.Deploy.0 = Debug|x86
		{618E56BE-AD7B-4E6E-8D7E-F5AE6F4288B9}.Debug|iPhoneSimulator.ActiveCfg = Debug|x86
		{618E56BE-AD7B-4E6E-8D7E-F5AE6F4288B9}.Debug|iPhoneSimulator.Build.0 = Debug|x86
		{618E56BE-AD7B-4E6E-8D7E-F5AE6F4288B9}.Debug|iPhoneSimulator.Deploy.0 = Debug|x86
		{618E56BE-AD7B-4E6E-8D7E-F5AE6F4288B9}.Debug|x64.ActiveCfg = Debug|x64
		{618E56BE-AD7B-4E6E-8D7E-F5AE6F4288B9}.Debug|x64.Build.0 = Debug|x64
		{618E56BE-AD7B-4E6E-8D7E-F5AE6F4288B9}.Debug|x64.Deploy.0 = Debug|x64
		{618E56BE-AD7B-4E6E-8D7E-F5AE6F4288B9}.Debug|x86.ActiveCfg = Debug|x86
		{618E56BE-AD7B-4E6E-8D7E-F5AE6F4288B9}.Debug|x86.Build.0 = Debug|x86
		{618E56BE-AD7B-4E6E-8D7E-F5AE6F4288B9}.Debug|x86.Deploy.0 = Debug|x86
		{618E56BE-AD7B-4E6E-8D7E-F5AE6F4288B9}.Release|Any CPU.ActiveCfg = Release|x86
		{618E56BE-AD7B-4E6E-8D7E-F5AE6F4288B9}.Release|Any CPU.Build.0 = Release|x86
		{618E56BE-AD7B-4E6E-8D7E-F5AE6F4288B9}.Release|Any CPU.Deploy.0 = Release|x86
		{618E56BE-AD7B-4E6E-8D7E-F5AE6F4288B9}.Release|ARM.ActiveCfg = Release|ARM
		{618E56BE-AD7B-4E6E-8D7E-F5AE6F4288B9}.Release|ARM.Build.0 = Release|ARM
		{618E56BE-AD7B-4E6E-8D7E-F5AE6F4288B9}.Release|ARM.Deploy.0 = Release|ARM
		{618E56BE-AD7B-4E6E-8D7E-F5AE6F4288B9}.Release|iPhone.ActiveCfg = Release|x86
		{618E56BE-AD7B-4E6E-8D7E-F5AE6F4288B9}.Release|iPhone.Build.0 = Release|x86
		{618E56BE-AD7B-4E6E-8D7E-F5AE6F4288B9}.Release|iPhone.Deploy.0 = Release|x86
		{618E56BE-AD7B-4E6E-8D7E-F5AE6F4288B9}.Release|iPhoneSimulator.ActiveCfg = Release|x86
		{618E56BE-AD7B-4E6E-8D7E-F5AE6F4288B9}.Release|iPhoneSimulator.Build.0 = Release|x86
		{618E56BE-AD7B-4E6E-8D7E-F5AE6F4288B9}.Release|iPhoneSimulator.Deploy.0 = Release|x86
		{618E56BE-AD7B-4E6E-8D7E-F5AE6F4288B9}.Release|x64.ActiveCfg = Release|x64
		{618E56BE-AD7B-4E6E-8D7E-F5AE6F4288B9}.Release|x64.Build.0 = Release|x64
		{618E56BE-AD7B-4E6E-8D7E-F5AE6F4288B9}.Release|x64.Deploy.0 = Release|x64
		{618E56BE-AD7B-4E6E-8D7E-F5AE6F4288B9}.Release|x86.ActiveCfg = Release|x86
		{618E56BE-AD7B-4E6E-8D7E-F5AE6F4288B9}.Release|x86.Build.0 = Release|x86
		{618E56BE-AD7B-4E6E-8D7E-F5AE6F4288B9}.Release|x86.Deploy.0 = Release|x86
		{7B10BEB6-DAEA-4A52-9506-9E80FE5A5633}.Ad-Hoc|Any CPU.ActiveCfg = Debug|Any CPU
		{7B10BEB6-DAEA-4A52-9506-9E80FE5A5633}.Ad-Hoc|Any CPU.Build.0 = Debug|Any CPU
		{7B10BEB6-DAEA-4A52-9506-9E80FE5A5633}.Ad-Hoc|Any CPU.Deploy.0 = Debug|Any CPU
		{7B10BEB6-DAEA-4A52-9506-9E80FE5A5633}.Ad-Hoc|ARM.ActiveCfg = Debug|Any CPU
		{7B10BEB6-DAEA-4A52-9506-9E80FE5A5633}.Ad-Hoc|ARM.Build.0 = Debug|Any CPU
		{7B10BEB6-DAEA-4A52-9506-9E80FE5A5633}.Ad-Hoc|ARM.Deploy.0 = Debug|Any CPU
		{7B10BEB6-DAEA-4A52-9506-9E80FE5A5633}.Ad-Hoc|iPhone.ActiveCfg = Debug|Any CPU
		{7B10BEB6-DAEA-4A52-9506-9E80FE5A5633}.Ad-Hoc|iPhone.Build.0 = Debug|Any CPU
		{7B10BEB6-DAEA-4A52-9506-9E80FE5A5633}.Ad-Hoc|iPhone.Deploy.0 = Debug|Any CPU
		{7B10BEB6-DAEA-4A52-9506-9E80FE5A5633}.Ad-Hoc|iPhoneSimulator.ActiveCfg = Debug|Any CPU
		{7B10BEB6-DAEA-4A52-9506-9E80FE5A5633}.Ad-Hoc|iPhoneSimulator.Build.0 = Debug|Any CPU
		{7B10BEB6-DAEA-4A52-9506-9E80FE5A5633}.Ad-Hoc|iPhoneSimulator.Deploy.0 = Debug|Any CPU
		{7B10BEB6-DAEA-4A52-9506-9E80FE5A5633}.Ad-Hoc|x64.ActiveCfg = Debug|Any CPU
		{7B10BEB6-DAEA-4A52-9506-9E80FE5A5633}.Ad-Hoc|x64.Build.0 = Debug|Any CPU
		{7B10BEB6-DAEA-4A52-9506-9E80FE5A5633}.Ad-Hoc|x64.Deploy.0 = Debug|Any CPU
		{7B10BEB6-DAEA-4A52-9506-9E80FE5A5633}.Ad-Hoc|x86.ActiveCfg = Debug|Any CPU
		{7B10BEB6-DAEA-4A52-9506-9E80FE5A5633}.Ad-Hoc|x86.Build.0 = Debug|Any CPU
		{7B10BEB6-DAEA-4A52-9506-9E80FE5A5633}.Ad-Hoc|x86.Deploy.0 = Debug|Any CPU
		{7B10BEB6-DAEA-4A52-9506-9E80FE5A5633}.AppStore|Any CPU.ActiveCfg = Debug|Any CPU
		{7B10BEB6-DAEA-4A52-9506-9E80FE5A5633}.AppStore|Any CPU.Build.0 = Debug|Any CPU
		{7B10BEB6-DAEA-4A52-9506-9E80FE5A5633}.AppStore|Any CPU.Deploy.0 = Debug|Any CPU
		{7B10BEB6-DAEA-4A52-9506-9E80FE5A5633}.AppStore|ARM.ActiveCfg = Debug|Any CPU
		{7B10BEB6-DAEA-4A52-9506-9E80FE5A5633}.AppStore|ARM.Build.0 = Debug|Any CPU
		{7B10BEB6-DAEA-4A52-9506-9E80FE5A5633}.AppStore|ARM.Deploy.0 = Debug|Any CPU
		{7B10BEB6-DAEA-4A52-9506-9E80FE5A5633}.AppStore|iPhone.ActiveCfg = Debug|Any CPU
		{7B10BEB6-DAEA-4A52-9506-9E80FE5A5633}.AppStore|iPhone.Build.0 = Debug|Any CPU
		{7B10BEB6-DAEA-4A52-9506-9E80FE5A5633}.AppStore|iPhone.Deploy.0 = Debug|Any CPU
		{7B10BEB6-DAEA-4A52-9506-9E80FE5A5633}.AppStore|iPhoneSimulator.ActiveCfg = Debug|Any CPU
		{7B10BEB6-DAEA-4A52-9506-9E80FE5A5633}.AppStore|iPhoneSimulator.Build.0 = Debug|Any CPU
		{7B10BEB6-DAEA-4A52-9506-9E80FE5A5633}.AppStore|iPhoneSimulator.Deploy.0 = Debug|Any CPU
		{7B10BEB6-DAEA-4A52-9506-9E80FE5A5633}.AppStore|x64.ActiveCfg = Debug|Any CPU
		{7B10BEB6-DAEA-4A52-9506-9E80FE5A5633}.AppStore|x64.Build.0 = Debug|Any CPU
		{7B10BEB6-DAEA-4A52-9506-9E80FE5A5633}.AppStore|x64.Deploy.0 = Debug|Any CPU
		{7B10BEB6-DAEA-4A52-9506-9E80FE5A5633}.AppStore|x86.ActiveCfg = Debug|Any CPU
		{7B10BEB6-DAEA-4A52-9506-9E80FE5A5633}.AppStore|x86.Build.0 = Debug|Any CPU
		{7B10BEB6-DAEA-4A52-9506-9E80FE5A5633}.AppStore|x86.Deploy.0 = Debug|Any CPU
		{7B10BEB6-DAEA-4A52-9506-9E80FE5A5633}.Debug|Any CPU.ActiveCfg = Debug|Any CPU
		{7B10BEB6-DAEA-4A52-9506-9E80FE5A5633}.Debug|Any CPU.Build.0 = Debug|Any CPU
		{7B10BEB6-DAEA-4A52-9506-9E80FE5A5633}.Debug|Any CPU.Deploy.0 = Debug|Any CPU
		{7B10BEB6-DAEA-4A52-9506-9E80FE5A5633}.Debug|ARM.ActiveCfg = Debug|Any CPU
		{7B10BEB6-DAEA-4A52-9506-9E80FE5A5633}.Debug|ARM.Build.0 = Debug|Any CPU
		{7B10BEB6-DAEA-4A52-9506-9E80FE5A5633}.Debug|ARM.Deploy.0 = Debug|Any CPU
		{7B10BEB6-DAEA-4A52-9506-9E80FE5A5633}.Debug|iPhone.ActiveCfg = Debug|Any CPU
		{7B10BEB6-DAEA-4A52-9506-9E80FE5A5633}.Debug|iPhone.Build.0 = Debug|Any CPU
		{7B10BEB6-DAEA-4A52-9506-9E80FE5A5633}.Debug|iPhone.Deploy.0 = Debug|Any CPU
		{7B10BEB6-DAEA-4A52-9506-9E80FE5A5633}.Debug|iPhoneSimulator.ActiveCfg = Debug|Any CPU
		{7B10BEB6-DAEA-4A52-9506-9E80FE5A5633}.Debug|iPhoneSimulator.Build.0 = Debug|Any CPU
		{7B10BEB6-DAEA-4A52-9506-9E80FE5A5633}.Debug|iPhoneSimulator.Deploy.0 = Debug|Any CPU
		{7B10BEB6-DAEA-4A52-9506-9E80FE5A5633}.Debug|x64.ActiveCfg = Debug|Any CPU
		{7B10BEB6-DAEA-4A52-9506-9E80FE5A5633}.Debug|x64.Build.0 = Debug|Any CPU
		{7B10BEB6-DAEA-4A52-9506-9E80FE5A5633}.Debug|x64.Deploy.0 = Debug|Any CPU
		{7B10BEB6-DAEA-4A52-9506-9E80FE5A5633}.Debug|x86.ActiveCfg = Debug|Any CPU
		{7B10BEB6-DAEA-4A52-9506-9E80FE5A5633}.Debug|x86.Build.0 = Debug|Any CPU
		{7B10BEB6-DAEA-4A52-9506-9E80FE5A5633}.Debug|x86.Deploy.0 = Debug|Any CPU
		{7B10BEB6-DAEA-4A52-9506-9E80FE5A5633}.Release|Any CPU.ActiveCfg = Release|Any CPU
		{7B10BEB6-DAEA-4A52-9506-9E80FE5A5633}.Release|Any CPU.Build.0 = Release|Any CPU
		{7B10BEB6-DAEA-4A52-9506-9E80FE5A5633}.Release|Any CPU.Deploy.0 = Release|Any CPU
		{7B10BEB6-DAEA-4A52-9506-9E80FE5A5633}.Release|ARM.ActiveCfg = Release|Any CPU
		{7B10BEB6-DAEA-4A52-9506-9E80FE5A5633}.Release|ARM.Build.0 = Release|Any CPU
		{7B10BEB6-DAEA-4A52-9506-9E80FE5A5633}.Release|ARM.Deploy.0 = Release|Any CPU
		{7B10BEB6-DAEA-4A52-9506-9E80FE5A5633}.Release|iPhone.ActiveCfg = Release|Any CPU
		{7B10BEB6-DAEA-4A52-9506-9E80FE5A5633}.Release|iPhone.Build.0 = Release|Any CPU
		{7B10BEB6-DAEA-4A52-9506-9E80FE5A5633}.Release|iPhone.Deploy.0 = Release|Any CPU
		{7B10BEB6-DAEA-4A52-9506-9E80FE5A5633}.Release|iPhoneSimulator.ActiveCfg = Release|Any CPU
		{7B10BEB6-DAEA-4A52-9506-9E80FE5A5633}.Release|iPhoneSimulator.Build.0 = Release|Any CPU
		{7B10BEB6-DAEA-4A52-9506-9E80FE5A5633}.Release|iPhoneSimulator.Deploy.0 = Release|Any CPU
		{7B10BEB6-DAEA-4A52-9506-9E80FE5A5633}.Release|x64.ActiveCfg = Release|Any CPU
		{7B10BEB6-DAEA-4A52-9506-9E80FE5A5633}.Release|x64.Build.0 = Release|Any CPU
		{7B10BEB6-DAEA-4A52-9506-9E80FE5A5633}.Release|x64.Deploy.0 = Release|Any CPU
		{7B10BEB6-DAEA-4A52-9506-9E80FE5A5633}.Release|x86.ActiveCfg = Release|Any CPU
		{7B10BEB6-DAEA-4A52-9506-9E80FE5A5633}.Release|x86.Build.0 = Release|Any CPU
		{7B10BEB6-DAEA-4A52-9506-9E80FE5A5633}.Release|x86.Deploy.0 = Release|Any CPU
	EndGlobalSection
	GlobalSection(SolutionProperties) = preSolution
		HideSolutionNode = FALSE
	EndGlobalSection
	GlobalSection(ExtensibilityGlobals) = postSolution
		SolutionGuid = {53A5E71E-DA2E-4377-B005-838B157F09FF}
	EndGlobalSection
EndGlobal
